
Microsoft Visual Studio Solution File, Format Version 12.00
# Visual Studio Version 16
VisualStudioVersion = 16.0.30204.135
MinimumVisualStudioVersion = 10.0.40219.1
Project("{8BC9CEB8-8B4A-11D0-8D11-00A0C91BC942}") = "hw1", "hw1\hw1.vcxproj", "{10AB8E46-95BB-42BA-8ECB-76B0A798AE88}"
EndProject
Global
	GlobalSection(SolutionConfigurationPlatforms) = preSolution
		Debug|x64 = Debug|x64
		Debug|x86 = Debug|x86
		Release|x64 = Release|x64
		Release|x86 = Release|x86
	EndGlobalSection
	GlobalSection(ProjectConfigurationPlatforms) = postSolution
		{10AB8E46-95BB-42BA-8ECB-76B0A798AE88}.Debug|x64.ActiveCfg = Debug|x64
		{10AB8E46-95BB-42BA-8ECB-76B0A798AE88}.Debug|x64.Build.0 = Debug|x64
		{10AB8E46-95BB-42BA-8ECB-76B0A798AE88}.Debug|x86.ActiveCfg = Debug|Win32
		{10AB8E46-95BB-42BA-8ECB-76B0A798AE88}.Debug|x86.Build.0 = Debug|Win32
		{10AB8E46-95BB-42BA-8ECB-76B0A798AE88}.Release|x64.ActiveCfg = Release|x64
		{10AB8E46-95BB-42BA-8ECB-76B0A798AE88}.Release|x64.Build.0 = Release|x64
		{10AB8E46-95BB-42BA-8ECB-76B0A798AE88}.Release|x86.ActiveCfg = Release|Win32
		{10AB8E46-95BB-42BA-8ECB-76B0A798AE88}.Release|x86.Build.0 = Release|Win32
	EndGlobalSection
	GlobalSection(SolutionProperties) = preSolution
		HideSolutionNode = FALSE
	EndGlobalSection
	GlobalSection(ExtensibilityGlobals) = postSolution
		SolutionGuid = {65C430B8-C6F8-49A8-90BE-E5531C539BFE}
	EndGlobalSection
EndGlobal
