
Microsoft Visual Studio Solution File, Format Version 12.00
# Visual Studio Version 16
VisualStudioVersion = 16.0.30204.135
MinimumVisualStudioVersion = 10.0.40219.1
Project("{8BC9CEB8-8B4A-11D0-8D11-00A0C91BC942}") = "hw4", "hw4\hw4.vcxproj", "{1CE7AB94-1995-4A41-9BF4-7C20241CD80D}"
EndProject
Global
	GlobalSection(SolutionConfigurationPlatforms) = preSolution
		Debug|x64 = Debug|x64
		Debug|x86 = Debug|x86
		Release|x64 = Release|x64
		Release|x86 = Release|x86
	EndGlobalSection
	GlobalSection(ProjectConfigurationPlatforms) = postSolution
		{1CE7AB94-1995-4A41-9BF4-7C20241CD80D}.Debug|x64.ActiveCfg = Debug|x64
		{1CE7AB94-1995-4A41-9BF4-7C20241CD80D}.Debug|x64.Build.0 = Debug|x64
		{1CE7AB94-1995-4A41-9BF4-7C20241CD80D}.Debug|x86.ActiveCfg = Debug|Win32
		{1CE7AB94-1995-4A41-9BF4-7C20241CD80D}.Debug|x86.Build.0 = Debug|Win32
		{1CE7AB94-1995-4A41-9BF4-7C20241CD80D}.Release|x64.ActiveCfg = Release|x64
		{1CE7AB94-1995-4A41-9BF4-7C20241CD80D}.Release|x64.Build.0 = Release|x64
		{1CE7AB94-1995-4A41-9BF4-7C20241CD80D}.Release|x86.ActiveCfg = Release|Win32
		{1CE7AB94-1995-4A41-9BF4-7C20241CD80D}.Release|x86.Build.0 = Release|Win32
	EndGlobalSection
	GlobalSection(SolutionProperties) = preSolution
		HideSolutionNode = FALSE
	EndGlobalSection
	GlobalSection(ExtensibilityGlobals) = postSolution
		SolutionGuid = {AB3A99AA-AC6F-4245-AA7C-E0BE55C55BE2}
	EndGlobalSection
EndGlobal
